
Microsoft Visual Studio Solution File, Format Version 12.00
# Visual Studio Version 17
VisualStudioVersion = 17.11.35303.130
MinimumVisualStudioVersion = 10.0.40219.1
Project("{8BC9CEB8-8B4A-11D0-8D11-00A0C91BC942}") = "c语言经典100题", "c语言经典100题\c语言经典100题.vcxproj", "{565AFF56-786F-4F5F-9493-B0A1B97D90DC}"
EndProject
Project("{8BC9CEB8-8B4A-11D0-8D11-00A0C91BC942}") = "2.求利润", "2.求利润\2.求利润.vcxproj", "{51BA5127-97F8-46AE-A5F3-50DB4C2E4575}"
EndProject
Project("{8BC9CEB8-8B4A-11D0-8D11-00A0C91BC942}") = "4.第几天", "4.第几天\4.第几天.vcxproj", "{AFB1F8E5-F6B2-40CB-B36B-BC2AA1B8921B}"
EndProject
Project("{8BC9CEB8-8B4A-11D0-8D11-00A0C91BC942}") = "5.数字排序", "5.数字排序\5.数字排序.vcxproj", "{2DD1592B-C2D1-42EE-9EC6-50BD2BF11C6F}"
EndProject
Project("{8BC9CEB8-8B4A-11D0-8D11-00A0C91BC942}") = "8.99口诀表", "8.99口诀表\8.99口诀表.vcxproj", "{4D357E46-99C6-4B81-A729-F55998324CC4}"
EndProject
Project("{8BC9CEB8-8B4A-11D0-8D11-00A0C91BC942}") = "7.输出特殊图案", "7.输出特殊图案\7.输出特殊图案.vcxproj", "{CA28C608-1F22-466D-BC2B-246B9AC5E750}"
EndProject
Project("{8BC9CEB8-8B4A-11D0-8D11-00A0C91BC942}") = "9.输出国际象棋", "9.输出国际象棋\9.输出国际象棋.vcxproj", "{D05A0BCB-311C-4C73-9FB8-4F7D8821C013}"
EndProject
Project("{8BC9CEB8-8B4A-11D0-8D11-00A0C91BC942}") = "10.打印楼梯，楼梯上打印两个笑脸", "10.打印楼梯，楼梯上打印两个笑脸\10.打印楼梯，楼梯上打印两个笑脸.vcxproj", "{F7A05AFE-6B4B-48D5-9EB2-92222F7649FF}"
EndProject
Project("{8BC9CEB8-8B4A-11D0-8D11-00A0C91BC942}") = "11.古典问题，兔子生崽", "11.古典问题，兔子生崽\11.古典问题，兔子生崽.vcxproj", "{32B06332-3E55-4860-A8A4-7C8C3BEEFCC0}"
EndProject
Project("{8BC9CEB8-8B4A-11D0-8D11-00A0C91BC942}") = "12.判断101到200之间的素数", "12.判断101到200之间的素数\12.判断101到200之间的素数.vcxproj", "{C4A25B61-7A8E-459D-88F8-00D57E536F1F}"
EndProject
Project("{8BC9CEB8-8B4A-11D0-8D11-00A0C91BC942}") = "13.水仙花数", "13.水仙花数\13.水仙花数.vcxproj", "{484B64AF-6AA6-4167-9B01-B448C44F5C35}"
EndProject
Project("{8BC9CEB8-8B4A-11D0-8D11-00A0C91BC942}") = "14.将一个正整数分解质因数", "14.将一个正整数分解质因数\14.将一个正整数分解质因数.vcxproj", "{728B72A6-8BEF-43E5-8FC2-9012BAEB43D1}"
EndProject
Project("{8BC9CEB8-8B4A-11D0-8D11-00A0C91BC942}") = "15.条件运算符的嵌套", "15.条件运算符的嵌套\15.条件运算符的嵌套.vcxproj", "{DE022C9A-07D2-476E-BE8E-1413623C1EC8}"
EndProject
Project("{8BC9CEB8-8B4A-11D0-8D11-00A0C91BC942}") = "16.求最大公约数", "16.求最大公约数\16.求最大公约数.vcxproj", "{1525E9C9-DE3F-41A4-BAAC-AACC23F49B82}"
EndProject
Project("{8BC9CEB8-8B4A-11D0-8D11-00A0C91BC942}") = "17.统计英文字母空格数字和其他字符个数", "17.统计英文字母空格数字和其他字符个数\17.统计英文字母空格数字和其他字符个数.vcxproj", "{9CE3BBFD-B036-40A8-AA32-F551323A23C7}"
EndProject
Project("{8BC9CEB8-8B4A-11D0-8D11-00A0C91BC942}") = "18.求s=a+aa+aaa+aaaa++", "18.求s=a+aa+aaa+aaaa++\18.求s=a+aa+aaa+aaaa++.vcxproj", "{9529B071-0390-4A74-8F8D-46DC94C6178C}"
EndProject
Project("{8BC9CEB8-8B4A-11D0-8D11-00A0C91BC942}") = "19.找出1000以内的所以完数", "19.找出1000以内的所以完数\19.找出1000以内的所以完数.vcxproj", "{71024DA1-6FCD-4A18-A3C9-77BE3CE47CB7}"
EndProject
Project("{8BC9CEB8-8B4A-11D0-8D11-00A0C91BC942}") = "20.球从100米高度自由落下", "20.球从100米高度自由落下\20.球从100米高度自由落下.vcxproj", "{268404F1-99FB-411F-A84A-0B404BA833A9}"
EndProject
Project("{8BC9CEB8-8B4A-11D0-8D11-00A0C91BC942}") = "21.猴子吃桃", "21.猴子吃桃\21.猴子吃桃.vcxproj", "{BC680D75-CAC5-47B4-8192-C9C81DF042CE}"
EndProject
Project("{8BC9CEB8-8B4A-11D0-8D11-00A0C91BC942}") = "22.乒乓球比赛名单", "22.乒乓球比赛名单\22.乒乓球比赛名单.vcxproj", "{FD951745-4D2C-46E7-AE04-D799236F35F5}"
EndProject
Project("{8BC9CEB8-8B4A-11D0-8D11-00A0C91BC942}") = "23.打印出菱形", "23.打印出菱形\23.打印出菱形.vcxproj", "{E1EEED59-9492-4E33-A429-2A5C38CFA68E}"
EndProject
Project("{8BC9CEB8-8B4A-11D0-8D11-00A0C91BC942}") = "1.四个不重复的三位数", "1.四个不重复的三位数\四个不重复的三位数.vcxproj", "{D3977137-4FE6-43BE-803B-66713E0911A1}"
EndProject
Project("{8BC9CEB8-8B4A-11D0-8D11-00A0C91BC942}") = "3.平方数", "3.平方数\平方数.vcxproj", "{8BEFA59C-4CA8-4B39-97E0-61E0A7A3DD2C}"
EndProject
Project("{8BC9CEB8-8B4A-11D0-8D11-00A0C91BC942}") = "6.输出c", "6.输出c\输出c.vcxproj", "{79A8C2EC-B010-4CA2-A769-F15BE8AD0596}"
EndProject
Project("{8BC9CEB8-8B4A-11D0-8D11-00A0C91BC942}") = "24.求多项分数之和", "24.求多项分数之和\24.求多项分数之和.vcxproj", "{63FBAC54-9AC6-4DDF-B3AB-99BA6DF51C3A}"
EndProject
Project("{8BC9CEB8-8B4A-11D0-8D11-00A0C91BC942}") = "25.1-5阶乘的和", "25.1-5阶乘的和\25.1-5阶乘的和.vcxproj", "{DBBE418D-5503-4167-A7EA-0A0CFA35E701}"
EndProject
Project("{8BC9CEB8-8B4A-11D0-8D11-00A0C91BC942}") = "26.利用递归方法求阶乘", "26.利用递归方法求阶乘\26.利用递归方法求阶乘.vcxproj", "{84EDA1FA-05E1-47A3-AFE2-69EA475902B3}"
EndProject
Project("{8BC9CEB8-8B4A-11D0-8D11-00A0C91BC942}") = "27.递归反向输出字符串", "27.递归反向输出字符串\27.递归反向输出字符串.vcxproj", "{DE57EFC0-56FD-42D5-AA35-6CBEF03198C7}"
EndProject
Project("{8BC9CEB8-8B4A-11D0-8D11-00A0C91BC942}") = "28.递归输出一桌淘小子年龄", "28.递归输出一桌淘小子年龄\28.递归输出一桌淘小子年龄.vcxproj", "{FF7A8A55-ED18-45CC-9980-EB91CE603382}"
EndProject
Project("{8BC9CEB8-8B4A-11D0-8D11-00A0C91BC942}") = "29.求整数是几位的再逆序打印", "29.求整数是几位的再逆序打印\29.求整数是几位的再逆序打印.vcxproj", "{F54A08D5-DE14-4C03-8C4D-3AA80E181B17}"
EndProject
Project("{8BC9CEB8-8B4A-11D0-8D11-00A0C91BC942}") = "30.判断一个5位数是不是回文", "30.判断一个5位数是不是回文\30.判断一个5位数是不是回文.vcxproj", "{14DD01BE-857C-4B70-8145-35F79ED84B33}"
EndProject
Project("{8BC9CEB8-8B4A-11D0-8D11-00A0C91BC942}") = "31.输入星期几的前几个字母判断是星期几", "31.输入星期几的前几个字母判断是星期几\31.输入星期几的前几个字母判断是星期几.vcxproj", "{4D21D573-23A3-4085-AB4E-E103F050872A}"
EndProject
Project("{8BC9CEB8-8B4A-11D0-8D11-00A0C91BC942}") = "32.删除一个字符串中的指定字母", "32.删除一个字符串中的指定字母\32.删除一个字符串中的指定字母.vcxproj", "{7D425027-ABCE-4DAF-97BB-ECAD3542D602}"
EndProject
Project("{8BC9CEB8-8B4A-11D0-8D11-00A0C91BC942}") = "33.判断一个数字是否为质数", "33.判断一个数字是否为质数\33.判断一个数字是否为质数.vcxproj", "{B75C2725-FED9-4050-A6F2-A1993A56EF4E}"
EndProject
Project("{8BC9CEB8-8B4A-11D0-8D11-00A0C91BC942}") = "34.练习函数调用", "34.练习函数调用\34.练习函数调用.vcxproj", "{5E07480A-F07C-4E18-BF67-AC3F7F36F116}"
EndProject
Project("{8BC9CEB8-8B4A-11D0-8D11-00A0C91BC942}") = "35.字符串反转", "35.字符串反转\35.字符串反转.vcxproj", "{FA874622-5BE5-4A4F-B4E9-1C564C643956}"
EndProject
Project("{8BC9CEB8-8B4A-11D0-8D11-00A0C91BC942}") = "36.求100之内的素数", "36.求100之内的素数\36.求100之内的素数.vcxproj", "{346740DF-B9D4-4524-8B64-B73443C9147B}"
EndProject
Project("{8BC9CEB8-8B4A-11D0-8D11-00A0C91BC942}") = "37.对十个数进行排序", "37.对十个数进行排序\37.对十个数进行排序.vcxproj", "{5AF58FDF-234C-4A0A-B678-16525FE705FC}"
EndProject
Project("{8BC9CEB8-8B4A-11D0-8D11-00A0C91BC942}") = "38.求一个3x3矩阵对角线元素之和", "38.求一个3x3矩阵对角线元素之和\38.求一个3x3矩阵对角线元素之和.vcxproj", "{F3E79508-5207-489E-8FEB-231C070BE70B}"
EndProject
Project("{8BC9CEB8-8B4A-11D0-8D11-00A0C91BC942}") = "39.向有序数组插入数据保持顺序不变", "39.向有序数组插入数据保持顺序不变\39.向有序数组插入数据保持顺序不变.vcxproj", "{B75928B7-FC04-4FD4-98C0-5EB720833F69}"
EndProject
Project("{8BC9CEB8-8B4A-11D0-8D11-00A0C91BC942}") = "40.逆序输出数组", "40.逆序输出数组\40.逆序输出数组.vcxproj", "{6085AB71-796C-42D0-93E4-A2F323025E99}"
EndProject
Project("{8BC9CEB8-8B4A-11D0-8D11-00A0C91BC942}") = "61.杨辉三角", "61.杨辉三角\61.杨辉三角.vcxproj", "{506959BD-DBF9-4877-A77B-4F6CFBA8456C}"
EndProject
Project("{8BC9CEB8-8B4A-11D0-8D11-00A0C91BC942}") = "67.数组最大最小值交换", "67.数组最大最小值交换\67.数组最大最小值交换.vcxproj", "{9D69FC82-87FF-48D0-B580-7E250EA0269F}"
EndProject
Project("{8BC9CEB8-8B4A-11D0-8D11-00A0C91BC942}") = "68.数组循环移动m次", "68.数组循环移动m次\68.数组循环移动m次.vcxproj", "{27A99235-06BD-4878-8522-D5FAD7B7ACD6}"
EndProject
Project("{8BC9CEB8-8B4A-11D0-8D11-00A0C91BC942}") = "69.约瑟夫环", "69.约瑟夫环\69.约瑟夫环.vcxproj", "{49E8C828-7CF1-43D3-A921-58CDD2908C66}"
EndProject
Project("{8BC9CEB8-8B4A-11D0-8D11-00A0C91BC942}") = "70.求字符串长度", "70.求字符串长度\70.求字符串长度.vcxproj", "{CE69C0CB-EFE8-4EDB-83BA-FAE8B8661F18}"
EndProject
Project("{8BC9CEB8-8B4A-11D0-8D11-00A0C91BC942}") = "71.输入输出5个学生的数据", "71.输入输出5个学生的数据\71.输入输出5个学生的数据.vcxproj", "{CA883ED3-0A04-42E0-99AF-2FE57B537D92}"
EndProject
Project("{8BC9CEB8-8B4A-11D0-8D11-00A0C91BC942}") = "72.malloc", "72.malloc\72.malloc.vcxproj", "{576F94B8-629C-4C0F-A1A2-D7A6E82547A8}"
EndProject
Project("{8BC9CEB8-8B4A-11D0-8D11-00A0C91BC942}") = "75.翻转输出一个整数", "75.翻转输出一个整数\75.翻转输出一个整数.vcxproj", "{90884827-228F-4F0D-A6F8-D50A19986045}"
EndProject
Project("{8BC9CEB8-8B4A-11D0-8D11-00A0C91BC942}") = "76.函数指针求倒数和", "76.函数指针求倒数和\76.函数指针求倒数和.vcxproj", "{D8A68AA8-1CE4-43D0-8193-AC7ECD951A33}"
EndProject
Project("{8BC9CEB8-8B4A-11D0-8D11-00A0C91BC942}") = "77.指针和数组", "77.指针和数组\77.指针和数组.vcxproj", "{FCC44558-3E14-4B9C-B73B-A6F651CA62D3}"
EndProject
Project("{8BC9CEB8-8B4A-11D0-8D11-00A0C91BC942}") = "78.结构体指针", "78.结构体指针\78.结构体指针.vcxproj", "{257329DB-0D68-4376-A8A5-BE7616B8B911}"
EndProject
Project("{8BC9CEB8-8B4A-11D0-8D11-00A0C91BC942}") = "79.字符串排序", "79.字符串排序\79.字符串排序.vcxproj", "{B221D99B-0B7F-4E5E-AA44-C090CE1BD5E4}"
EndProject
Project("{8BC9CEB8-8B4A-11D0-8D11-00A0C91BC942}") = "81.809x__=800x__+9x__", "81.809x__=800x__+9x__\81.809x__=800x__+9x__.vcxproj", "{211C07EC-C5A5-4030-9970-C5BF76E17530}"
EndProject
Project("{8BC9CEB8-8B4A-11D0-8D11-00A0C91BC942}") = "82.八进制转化十进制", "82.八进制转化十进制\82.八进制转化十进制.vcxproj", "{D11C4C5F-A6E3-4941-A6E0-93A7E9C6B951}"
EndProject
Project("{8BC9CEB8-8B4A-11D0-8D11-00A0C91BC942}") = "83.求0-7所能组成的奇数个数", "83.求0-7所能组成的奇数个数\83.求0-7所能组成的奇数个数.vcxproj", "{77ABD2B1-339C-4ACC-84BF-0E91D3C7C8B7}"
EndProject
Project("{8BC9CEB8-8B4A-11D0-8D11-00A0C91BC942}") = "84.偶数表示素数之和", "84.偶数表示素数之和\84.偶数表示素数之和.vcxproj", "{7A88476A-E6DB-4B6C-86A3-B70712D5CB71}"
EndProject
Project("{8BC9CEB8-8B4A-11D0-8D11-00A0C91BC942}") = "85.判断一个素数能被几个9整除", "85.判断一个素数能被几个9整除\85.判断一个素数能被几个9整除.vcxproj", "{F5C56CC7-28AA-4E01-A239-B80CFCEC5EAA}"
EndProject
Project("{8BC9CEB8-8B4A-11D0-8D11-00A0C91BC942}") = "86.两个字符串连接程序", "86.两个字符串连接程序\86.两个字符串连接程序.vcxproj", "{3163BCF0-DB36-4AEE-A890-C91FECBAD9D3}"
EndProject
Project("{8BC9CEB8-8B4A-11D0-8D11-00A0C91BC942}") = "87.结构体变量传递", "87.结构体变量传递\87.结构体变量传递.vcxproj", "{2D61738A-CC92-45E2-B88F-DF6B0A5878B6}"
EndProject
Project("{8BC9CEB8-8B4A-11D0-8D11-00A0C91BC942}") = "88.打印n个星", "88.打印n个星\88.打印n个星.vcxproj", "{72D91C48-1B68-496A-9531-323B25A2C6D6}"
EndProject
Project("{8BC9CEB8-8B4A-11D0-8D11-00A0C91BC942}") = "89.四位数加密", "89.四位数加密\89.四位数加密.vcxproj", "{D583EC47-04F6-466A-A2EF-3AC0D18CBA1C}"
EndProject
Project("{8BC9CEB8-8B4A-11D0-8D11-00A0C91BC942}") = "94.猜数字", "94.猜数字\94.猜数字.vcxproj", "{9D4886A8-1C61-4DED-ABCB-630D6F494034}"
EndProject
Project("{8BC9CEB8-8B4A-11D0-8D11-00A0C91BC942}") = "96.字符串中子串的个数", "96.字符串中子串的个数\96.字符串中子串的个数.vcxproj", "{CF947E62-1D8B-40B3-B9DB-DE521098B806}"
EndProject
Project("{8BC9CEB8-8B4A-11D0-8D11-00A0C91BC942}") = "97.字符串写入文件", "97.字符串写入文件\97.字符串写入文件.vcxproj", "{9A80D3CE-F3DD-4F08-BD44-AB2002CA6E30}"
EndProject
Project("{8BC9CEB8-8B4A-11D0-8D11-00A0C91BC942}") = "98.递归", "98.递归\98.递归.vcxproj", "{A8CAC153-1616-4DEA-A970-E29D20F885F9}"
EndProject
Global
	GlobalSection(SolutionConfigurationPlatforms) = preSolution
		Debug|x64 = Debug|x64
		Debug|x86 = Debug|x86
		Release|x64 = Release|x64
		Release|x86 = Release|x86
	EndGlobalSection
	GlobalSection(ProjectConfigurationPlatforms) = postSolution
		{565AFF56-786F-4F5F-9493-B0A1B97D90DC}.Debug|x64.ActiveCfg = Debug|x64
		{565AFF56-786F-4F5F-9493-B0A1B97D90DC}.Debug|x64.Build.0 = Debug|x64
		{565AFF56-786F-4F5F-9493-B0A1B97D90DC}.Debug|x86.ActiveCfg = Debug|Win32
		{565AFF56-786F-4F5F-9493-B0A1B97D90DC}.Debug|x86.Build.0 = Debug|Win32
		{565AFF56-786F-4F5F-9493-B0A1B97D90DC}.Release|x64.ActiveCfg = Release|x64
		{565AFF56-786F-4F5F-9493-B0A1B97D90DC}.Release|x64.Build.0 = Release|x64
		{565AFF56-786F-4F5F-9493-B0A1B97D90DC}.Release|x86.ActiveCfg = Release|Win32
		{565AFF56-786F-4F5F-9493-B0A1B97D90DC}.Release|x86.Build.0 = Release|Win32
		{51BA5127-97F8-46AE-A5F3-50DB4C2E4575}.Debug|x64.ActiveCfg = Debug|x64
		{51BA5127-97F8-46AE-A5F3-50DB4C2E4575}.Debug|x64.Build.0 = Debug|x64
		{51BA5127-97F8-46AE-A5F3-50DB4C2E4575}.Debug|x86.ActiveCfg = Debug|Win32
		{51BA5127-97F8-46AE-A5F3-50DB4C2E4575}.Debug|x86.Build.0 = Debug|Win32
		{51BA5127-97F8-46AE-A5F3-50DB4C2E4575}.Release|x64.ActiveCfg = Release|x64
		{51BA5127-97F8-46AE-A5F3-50DB4C2E4575}.Release|x64.Build.0 = Release|x64
		{51BA5127-97F8-46AE-A5F3-50DB4C2E4575}.Release|x86.ActiveCfg = Release|Win32
		{51BA5127-97F8-46AE-A5F3-50DB4C2E4575}.Release|x86.Build.0 = Release|Win32
		{AFB1F8E5-F6B2-40CB-B36B-BC2AA1B8921B}.Debug|x64.ActiveCfg = Debug|x64
		{AFB1F8E5-F6B2-40CB-B36B-BC2AA1B8921B}.Debug|x64.Build.0 = Debug|x64
		{AFB1F8E5-F6B2-40CB-B36B-BC2AA1B8921B}.Debug|x86.ActiveCfg = Debug|Win32
		{AFB1F8E5-F6B2-40CB-B36B-BC2AA1B8921B}.Debug|x86.Build.0 = Debug|Win32
		{AFB1F8E5-F6B2-40CB-B36B-BC2AA1B8921B}.Release|x64.ActiveCfg = Release|x64
		{AFB1F8E5-F6B2-40CB-B36B-BC2AA1B8921B}.Release|x64.Build.0 = Release|x64
		{AFB1F8E5-F6B2-40CB-B36B-BC2AA1B8921B}.Release|x86.ActiveCfg = Release|Win32
		{AFB1F8E5-F6B2-40CB-B36B-BC2AA1B8921B}.Release|x86.Build.0 = Release|Win32
		{2DD1592B-C2D1-42EE-9EC6-50BD2BF11C6F}.Debug|x64.ActiveCfg = Debug|x64
		{2DD1592B-C2D1-42EE-9EC6-50BD2BF11C6F}.Debug|x64.Build.0 = Debug|x64
		{2DD1592B-C2D1-42EE-9EC6-50BD2BF11C6F}.Debug|x86.ActiveCfg = Debug|Win32
		{2DD1592B-C2D1-42EE-9EC6-50BD2BF11C6F}.Debug|x86.Build.0 = Debug|Win32
		{2DD1592B-C2D1-42EE-9EC6-50BD2BF11C6F}.Release|x64.ActiveCfg = Release|x64
		{2DD1592B-C2D1-42EE-9EC6-50BD2BF11C6F}.Release|x64.Build.0 = Release|x64
		{2DD1592B-C2D1-42EE-9EC6-50BD2BF11C6F}.Release|x86.ActiveCfg = Release|Win32
		{2DD1592B-C2D1-42EE-9EC6-50BD2BF11C6F}.Release|x86.Build.0 = Release|Win32
		{4D357E46-99C6-4B81-A729-F55998324CC4}.Debug|x64.ActiveCfg = Debug|x64
		{4D357E46-99C6-4B81-A729-F55998324CC4}.Debug|x64.Build.0 = Debug|x64
		{4D357E46-99C6-4B81-A729-F55998324CC4}.Debug|x86.ActiveCfg = Debug|Win32
		{4D357E46-99C6-4B81-A729-F55998324CC4}.Debug|x86.Build.0 = Debug|Win32
		{4D357E46-99C6-4B81-A729-F55998324CC4}.Release|x64.ActiveCfg = Release|x64
		{4D357E46-99C6-4B81-A729-F55998324CC4}.Release|x64.Build.0 = Release|x64
		{4D357E46-99C6-4B81-A729-F55998324CC4}.Release|x86.ActiveCfg = Release|Win32
		{4D357E46-99C6-4B81-A729-F55998324CC4}.Release|x86.Build.0 = Release|Win32
		{CA28C608-1F22-466D-BC2B-246B9AC5E750}.Debug|x64.ActiveCfg = Debug|x64
		{CA28C608-1F22-466D-BC2B-246B9AC5E750}.Debug|x64.Build.0 = Debug|x64
		{CA28C608-1F22-466D-BC2B-246B9AC5E750}.Debug|x86.ActiveCfg = Debug|Win32
		{CA28C608-1F22-466D-BC2B-246B9AC5E750}.Debug|x86.Build.0 = Debug|Win32
		{CA28C608-1F22-466D-BC2B-246B9AC5E750}.Release|x64.ActiveCfg = Release|x64
		{CA28C608-1F22-466D-BC2B-246B9AC5E750}.Release|x64.Build.0 = Release|x64
		{CA28C608-1F22-466D-BC2B-246B9AC5E750}.Release|x86.ActiveCfg = Release|Win32
		{CA28C608-1F22-466D-BC2B-246B9AC5E750}.Release|x86.Build.0 = Release|Win32
		{D05A0BCB-311C-4C73-9FB8-4F7D8821C013}.Debug|x64.ActiveCfg = Debug|x64
		{D05A0BCB-311C-4C73-9FB8-4F7D8821C013}.Debug|x64.Build.0 = Debug|x64
		{D05A0BCB-311C-4C73-9FB8-4F7D8821C013}.Debug|x86.ActiveCfg = Debug|Win32
		{D05A0BCB-311C-4C73-9FB8-4F7D8821C013}.Debug|x86.Build.0 = Debug|Win32
		{D05A0BCB-311C-4C73-9FB8-4F7D8821C013}.Release|x64.ActiveCfg = Release|x64
		{D05A0BCB-311C-4C73-9FB8-4F7D8821C013}.Release|x64.Build.0 = Release|x64
		{D05A0BCB-311C-4C73-9FB8-4F7D8821C013}.Release|x86.ActiveCfg = Release|Win32
		{D05A0BCB-311C-4C73-9FB8-4F7D8821C013}.Release|x86.Build.0 = Release|Win32
		{F7A05AFE-6B4B-48D5-9EB2-92222F7649FF}.Debug|x64.ActiveCfg = Debug|x64
		{F7A05AFE-6B4B-48D5-9EB2-92222F7649FF}.Debug|x64.Build.0 = Debug|x64
		{F7A05AFE-6B4B-48D5-9EB2-92222F7649FF}.Debug|x86.ActiveCfg = Debug|Win32
		{F7A05AFE-6B4B-48D5-9EB2-92222F7649FF}.Debug|x86.Build.0 = Debug|Win32
		{F7A05AFE-6B4B-48D5-9EB2-92222F7649FF}.Release|x64.ActiveCfg = Release|x64
		{F7A05AFE-6B4B-48D5-9EB2-92222F7649FF}.Release|x64.Build.0 = Release|x64
		{F7A05AFE-6B4B-48D5-9EB2-92222F7649FF}.Release|x86.ActiveCfg = Release|Win32
		{F7A05AFE-6B4B-48D5-9EB2-92222F7649FF}.Release|x86.Build.0 = Release|Win32
		{32B06332-3E55-4860-A8A4-7C8C3BEEFCC0}.Debug|x64.ActiveCfg = Debug|x64
		{32B06332-3E55-4860-A8A4-7C8C3BEEFCC0}.Debug|x64.Build.0 = Debug|x64
		{32B06332-3E55-4860-A8A4-7C8C3BEEFCC0}.Debug|x86.ActiveCfg = Debug|Win32
		{32B06332-3E55-4860-A8A4-7C8C3BEEFCC0}.Debug|x86.Build.0 = Debug|Win32
		{32B06332-3E55-4860-A8A4-7C8C3BEEFCC0}.Release|x64.ActiveCfg = Release|x64
		{32B06332-3E55-4860-A8A4-7C8C3BEEFCC0}.Release|x64.Build.0 = Release|x64
		{32B06332-3E55-4860-A8A4-7C8C3BEEFCC0}.Release|x86.ActiveCfg = Release|Win32
		{32B06332-3E55-4860-A8A4-7C8C3BEEFCC0}.Release|x86.Build.0 = Release|Win32
		{C4A25B61-7A8E-459D-88F8-00D57E536F1F}.Debug|x64.ActiveCfg = Debug|x64
		{C4A25B61-7A8E-459D-88F8-00D57E536F1F}.Debug|x64.Build.0 = Debug|x64
		{C4A25B61-7A8E-459D-88F8-00D57E536F1F}.Debug|x86.ActiveCfg = Debug|Win32
		{C4A25B61-7A8E-459D-88F8-00D57E536F1F}.Debug|x86.Build.0 = Debug|Win32
		{C4A25B61-7A8E-459D-88F8-00D57E536F1F}.Release|x64.ActiveCfg = Release|x64
		{C4A25B61-7A8E-459D-88F8-00D57E536F1F}.Release|x64.Build.0 = Release|x64
		{C4A25B61-7A8E-459D-88F8-00D57E536F1F}.Release|x86.ActiveCfg = Release|Win32
		{C4A25B61-7A8E-459D-88F8-00D57E536F1F}.Release|x86.Build.0 = Release|Win32
		{484B64AF-6AA6-4167-9B01-B448C44F5C35}.Debug|x64.ActiveCfg = Debug|x64
		{484B64AF-6AA6-4167-9B01-B448C44F5C35}.Debug|x64.Build.0 = Debug|x64
		{484B64AF-6AA6-4167-9B01-B448C44F5C35}.Debug|x86.ActiveCfg = Debug|Win32
		{484B64AF-6AA6-4167-9B01-B448C44F5C35}.Debug|x86.Build.0 = Debug|Win32
		{484B64AF-6AA6-4167-9B01-B448C44F5C35}.Release|x64.ActiveCfg = Release|x64
		{484B64AF-6AA6-4167-9B01-B448C44F5C35}.Release|x64.Build.0 = Release|x64
		{484B64AF-6AA6-4167-9B01-B448C44F5C35}.Release|x86.ActiveCfg = Release|Win32
		{484B64AF-6AA6-4167-9B01-B448C44F5C35}.Release|x86.Build.0 = Release|Win32
		{728B72A6-8BEF-43E5-8FC2-9012BAEB43D1}.Debug|x64.ActiveCfg = Debug|x64
		{728B72A6-8BEF-43E5-8FC2-9012BAEB43D1}.Debug|x64.Build.0 = Debug|x64
		{728B72A6-8BEF-43E5-8FC2-9012BAEB43D1}.Debug|x86.ActiveCfg = Debug|Win32
		{728B72A6-8BEF-43E5-8FC2-9012BAEB43D1}.Debug|x86.Build.0 = Debug|Win32
		{728B72A6-8BEF-43E5-8FC2-9012BAEB43D1}.Release|x64.ActiveCfg = Release|x64
		{728B72A6-8BEF-43E5-8FC2-9012BAEB43D1}.Release|x64.Build.0 = Release|x64
		{728B72A6-8BEF-43E5-8FC2-9012BAEB43D1}.Release|x86.ActiveCfg = Release|Win32
		{728B72A6-8BEF-43E5-8FC2-9012BAEB43D1}.Release|x86.Build.0 = Release|Win32
		{DE022C9A-07D2-476E-BE8E-1413623C1EC8}.Debug|x64.ActiveCfg = Debug|x64
		{DE022C9A-07D2-476E-BE8E-1413623C1EC8}.Debug|x64.Build.0 = Debug|x64
		{DE022C9A-07D2-476E-BE8E-1413623C1EC8}.Debug|x86.ActiveCfg = Debug|Win32
		{DE022C9A-07D2-476E-BE8E-1413623C1EC8}.Debug|x86.Build.0 = Debug|Win32
		{DE022C9A-07D2-476E-BE8E-1413623C1EC8}.Release|x64.ActiveCfg = Release|x64
		{DE022C9A-07D2-476E-BE8E-1413623C1EC8}.Release|x64.Build.0 = Release|x64
		{DE022C9A-07D2-476E-BE8E-1413623C1EC8}.Release|x86.ActiveCfg = Release|Win32
		{DE022C9A-07D2-476E-BE8E-1413623C1EC8}.Release|x86.Build.0 = Release|Win32
		{1525E9C9-DE3F-41A4-BAAC-AACC23F49B82}.Debug|x64.ActiveCfg = Debug|x64
		{1525E9C9-DE3F-41A4-BAAC-AACC23F49B82}.Debug|x64.Build.0 = Debug|x64
		{1525E9C9-DE3F-41A4-BAAC-AACC23F49B82}.Debug|x86.ActiveCfg = Debug|Win32
		{1525E9C9-DE3F-41A4-BAAC-AACC23F49B82}.Debug|x86.Build.0 = Debug|Win32
		{1525E9C9-DE3F-41A4-BAAC-AACC23F49B82}.Release|x64.ActiveCfg = Release|x64
		{1525E9C9-DE3F-41A4-BAAC-AACC23F49B82}.Release|x64.Build.0 = Release|x64
		{1525E9C9-DE3F-41A4-BAAC-AACC23F49B82}.Release|x86.ActiveCfg = Release|Win32
		{1525E9C9-DE3F-41A4-BAAC-AACC23F49B82}.Release|x86.Build.0 = Release|Win32
		{9CE3BBFD-B036-40A8-AA32-F551323A23C7}.Debug|x64.ActiveCfg = Debug|x64
		{9CE3BBFD-B036-40A8-AA32-F551323A23C7}.Debug|x64.Build.0 = Debug|x64
		{9CE3BBFD-B036-40A8-AA32-F551323A23C7}.Debug|x86.ActiveCfg = Debug|Win32
		{9CE3BBFD-B036-40A8-AA32-F551323A23C7}.Debug|x86.Build.0 = Debug|Win32
		{9CE3BBFD-B036-40A8-AA32-F551323A23C7}.Release|x64.ActiveCfg = Release|x64
		{9CE3BBFD-B036-40A8-AA32-F551323A23C7}.Release|x64.Build.0 = Release|x64
		{9CE3BBFD-B036-40A8-AA32-F551323A23C7}.Release|x86.ActiveCfg = Release|Win32
		{9CE3BBFD-B036-40A8-AA32-F551323A23C7}.Release|x86.Build.0 = Release|Win32
		{9529B071-0390-4A74-8F8D-46DC94C6178C}.Debug|x64.ActiveCfg = Debug|x64
		{9529B071-0390-4A74-8F8D-46DC94C6178C}.Debug|x64.Build.0 = Debug|x64
		{9529B071-0390-4A74-8F8D-46DC94C6178C}.Debug|x86.ActiveCfg = Debug|Win32
		{9529B071-0390-4A74-8F8D-46DC94C6178C}.Debug|x86.Build.0 = Debug|Win32
		{9529B071-0390-4A74-8F8D-46DC94C6178C}.Release|x64.ActiveCfg = Release|x64
		{9529B071-0390-4A74-8F8D-46DC94C6178C}.Release|x64.Build.0 = Release|x64
		{9529B071-0390-4A74-8F8D-46DC94C6178C}.Release|x86.ActiveCfg = Release|Win32
		{9529B071-0390-4A74-8F8D-46DC94C6178C}.Release|x86.Build.0 = Release|Win32
		{71024DA1-6FCD-4A18-A3C9-77BE3CE47CB7}.Debug|x64.ActiveCfg = Debug|x64
		{71024DA1-6FCD-4A18-A3C9-77BE3CE47CB7}.Debug|x64.Build.0 = Debug|x64
		{71024DA1-6FCD-4A18-A3C9-77BE3CE47CB7}.Debug|x86.ActiveCfg = Debug|Win32
		{71024DA1-6FCD-4A18-A3C9-77BE3CE47CB7}.Debug|x86.Build.0 = Debug|Win32
		{71024DA1-6FCD-4A18-A3C9-77BE3CE47CB7}.Release|x64.ActiveCfg = Release|x64
		{71024DA1-6FCD-4A18-A3C9-77BE3CE47CB7}.Release|x64.Build.0 = Release|x64
		{71024DA1-6FCD-4A18-A3C9-77BE3CE47CB7}.Release|x86.ActiveCfg = Release|Win32
		{71024DA1-6FCD-4A18-A3C9-77BE3CE47CB7}.Release|x86.Build.0 = Release|Win32
		{268404F1-99FB-411F-A84A-0B404BA833A9}.Debug|x64.ActiveCfg = Debug|x64
		{268404F1-99FB-411F-A84A-0B404BA833A9}.Debug|x64.Build.0 = Debug|x64
		{268404F1-99FB-411F-A84A-0B404BA833A9}.Debug|x86.ActiveCfg = Debug|Win32
		{268404F1-99FB-411F-A84A-0B404BA833A9}.Debug|x86.Build.0 = Debug|Win32
		{268404F1-99FB-411F-A84A-0B404BA833A9}.Release|x64.ActiveCfg = Release|x64
		{268404F1-99FB-411F-A84A-0B404BA833A9}.Release|x64.Build.0 = Release|x64
		{268404F1-99FB-411F-A84A-0B404BA833A9}.Release|x86.ActiveCfg = Release|Win32
		{268404F1-99FB-411F-A84A-0B404BA833A9}.Release|x86.Build.0 = Release|Win32
		{BC680D75-CAC5-47B4-8192-C9C81DF042CE}.Debug|x64.ActiveCfg = Debug|x64
		{BC680D75-CAC5-47B4-8192-C9C81DF042CE}.Debug|x64.Build.0 = Debug|x64
		{BC680D75-CAC5-47B4-8192-C9C81DF042CE}.Debug|x86.ActiveCfg = Debug|Win32
		{BC680D75-CAC5-47B4-8192-C9C81DF042CE}.Debug|x86.Build.0 = Debug|Win32
		{BC680D75-CAC5-47B4-8192-C9C81DF042CE}.Release|x64.ActiveCfg = Release|x64
		{BC680D75-CAC5-47B4-8192-C9C81DF042CE}.Release|x64.Build.0 = Release|x64
		{BC680D75-CAC5-47B4-8192-C9C81DF042CE}.Release|x86.ActiveCfg = Release|Win32
		{BC680D75-CAC5-47B4-8192-C9C81DF042CE}.Release|x86.Build.0 = Release|Win32
		{FD951745-4D2C-46E7-AE04-D799236F35F5}.Debug|x64.ActiveCfg = Debug|x64
		{FD951745-4D2C-46E7-AE04-D799236F35F5}.Debug|x64.Build.0 = Debug|x64
		{FD951745-4D2C-46E7-AE04-D799236F35F5}.Debug|x86.ActiveCfg = Debug|Win32
		{FD951745-4D2C-46E7-AE04-D799236F35F5}.Debug|x86.Build.0 = Debug|Win32
		{FD951745-4D2C-46E7-AE04-D799236F35F5}.Release|x64.ActiveCfg = Release|x64
		{FD951745-4D2C-46E7-AE04-D799236F35F5}.Release|x64.Build.0 = Release|x64
		{FD951745-4D2C-46E7-AE04-D799236F35F5}.Release|x86.ActiveCfg = Release|Win32
		{FD951745-4D2C-46E7-AE04-D799236F35F5}.Release|x86.Build.0 = Release|Win32
		{E1EEED59-9492-4E33-A429-2A5C38CFA68E}.Debug|x64.ActiveCfg = Debug|x64
		{E1EEED59-9492-4E33-A429-2A5C38CFA68E}.Debug|x64.Build.0 = Debug|x64
		{E1EEED59-9492-4E33-A429-2A5C38CFA68E}.Debug|x86.ActiveCfg = Debug|Win32
		{E1EEED59-9492-4E33-A429-2A5C38CFA68E}.Debug|x86.Build.0 = Debug|Win32
		{E1EEED59-9492-4E33-A429-2A5C38CFA68E}.Release|x64.ActiveCfg = Release|x64
		{E1EEED59-9492-4E33-A429-2A5C38CFA68E}.Release|x64.Build.0 = Release|x64
		{E1EEED59-9492-4E33-A429-2A5C38CFA68E}.Release|x86.ActiveCfg = Release|Win32
		{E1EEED59-9492-4E33-A429-2A5C38CFA68E}.Release|x86.Build.0 = Release|Win32
		{D3977137-4FE6-43BE-803B-66713E0911A1}.Debug|x64.ActiveCfg = Debug|x64
		{D3977137-4FE6-43BE-803B-66713E0911A1}.Debug|x64.Build.0 = Debug|x64
		{D3977137-4FE6-43BE-803B-66713E0911A1}.Debug|x86.ActiveCfg = Debug|Win32
		{D3977137-4FE6-43BE-803B-66713E0911A1}.Debug|x86.Build.0 = Debug|Win32
		{D3977137-4FE6-43BE-803B-66713E0911A1}.Release|x64.ActiveCfg = Release|x64
		{D3977137-4FE6-43BE-803B-66713E0911A1}.Release|x64.Build.0 = Release|x64
		{D3977137-4FE6-43BE-803B-66713E0911A1}.Release|x86.ActiveCfg = Release|Win32
		{D3977137-4FE6-43BE-803B-66713E0911A1}.Release|x86.Build.0 = Release|Win32
		{8BEFA59C-4CA8-4B39-97E0-61E0A7A3DD2C}.Debug|x64.ActiveCfg = Debug|x64
		{8BEFA59C-4CA8-4B39-97E0-61E0A7A3DD2C}.Debug|x64.Build.0 = Debug|x64
		{8BEFA59C-4CA8-4B39-97E0-61E0A7A3DD2C}.Debug|x86.ActiveCfg = Debug|Win32
		{8BEFA59C-4CA8-4B39-97E0-61E0A7A3DD2C}.Debug|x86.Build.0 = Debug|Win32
		{8BEFA59C-4CA8-4B39-97E0-61E0A7A3DD2C}.Release|x64.ActiveCfg = Release|x64
		{8BEFA59C-4CA8-4B39-97E0-61E0A7A3DD2C}.Release|x64.Build.0 = Release|x64
		{8BEFA59C-4CA8-4B39-97E0-61E0A7A3DD2C}.Release|x86.ActiveCfg = Release|Win32
		{8BEFA59C-4CA8-4B39-97E0-61E0A7A3DD2C}.Release|x86.Build.0 = Release|Win32
		{79A8C2EC-B010-4CA2-A769-F15BE8AD0596}.Debug|x64.ActiveCfg = Debug|x64
		{79A8C2EC-B010-4CA2-A769-F15BE8AD0596}.Debug|x64.Build.0 = Debug|x64
		{79A8C2EC-B010-4CA2-A769-F15BE8AD0596}.Debug|x86.ActiveCfg = Debug|Win32
		{79A8C2EC-B010-4CA2-A769-F15BE8AD0596}.Debug|x86.Build.0 = Debug|Win32
		{79A8C2EC-B010-4CA2-A769-F15BE8AD0596}.Release|x64.ActiveCfg = Release|x64
		{79A8C2EC-B010-4CA2-A769-F15BE8AD0596}.Release|x64.Build.0 = Release|x64
		{79A8C2EC-B010-4CA2-A769-F15BE8AD0596}.Release|x86.ActiveCfg = Release|Win32
		{79A8C2EC-B010-4CA2-A769-F15BE8AD0596}.Release|x86.Build.0 = Release|Win32
		{63FBAC54-9AC6-4DDF-B3AB-99BA6DF51C3A}.Debug|x64.ActiveCfg = Debug|x64
		{63FBAC54-9AC6-4DDF-B3AB-99BA6DF51C3A}.Debug|x64.Build.0 = Debug|x64
		{63FBAC54-9AC6-4DDF-B3AB-99BA6DF51C3A}.Debug|x86.ActiveCfg = Debug|Win32
		{63FBAC54-9AC6-4DDF-B3AB-99BA6DF51C3A}.Debug|x86.Build.0 = Debug|Win32
		{63FBAC54-9AC6-4DDF-B3AB-99BA6DF51C3A}.Release|x64.ActiveCfg = Release|x64
		{63FBAC54-9AC6-4DDF-B3AB-99BA6DF51C3A}.Release|x64.Build.0 = Release|x64
		{63FBAC54-9AC6-4DDF-B3AB-99BA6DF51C3A}.Release|x86.ActiveCfg = Release|Win32
		{63FBAC54-9AC6-4DDF-B3AB-99BA6DF51C3A}.Release|x86.Build.0 = Release|Win32
		{DBBE418D-5503-4167-A7EA-0A0CFA35E701}.Debug|x64.ActiveCfg = Debug|x64
		{DBBE418D-5503-4167-A7EA-0A0CFA35E701}.Debug|x64.Build.0 = Debug|x64
		{DBBE418D-5503-4167-A7EA-0A0CFA35E701}.Debug|x86.ActiveCfg = Debug|Win32
		{DBBE418D-5503-4167-A7EA-0A0CFA35E701}.Debug|x86.Build.0 = Debug|Win32
		{DBBE418D-5503-4167-A7EA-0A0CFA35E701}.Release|x64.ActiveCfg = Release|x64
		{DBBE418D-5503-4167-A7EA-0A0CFA35E701}.Release|x64.Build.0 = Release|x64
		{DBBE418D-5503-4167-A7EA-0A0CFA35E701}.Release|x86.ActiveCfg = Release|Win32
		{DBBE418D-5503-4167-A7EA-0A0CFA35E701}.Release|x86.Build.0 = Release|Win32
		{84EDA1FA-05E1-47A3-AFE2-69EA475902B3}.Debug|x64.ActiveCfg = Debug|x64
		{84EDA1FA-05E1-47A3-AFE2-69EA475902B3}.Debug|x64.Build.0 = Debug|x64
		{84EDA1FA-05E1-47A3-AFE2-69EA475902B3}.Debug|x86.ActiveCfg = Debug|Win32
		{84EDA1FA-05E1-47A3-AFE2-69EA475902B3}.Debug|x86.Build.0 = Debug|Win32
		{84EDA1FA-05E1-47A3-AFE2-69EA475902B3}.Release|x64.ActiveCfg = Release|x64
		{84EDA1FA-05E1-47A3-AFE2-69EA475902B3}.Release|x64.Build.0 = Release|x64
		{84EDA1FA-05E1-47A3-AFE2-69EA475902B3}.Release|x86.ActiveCfg = Release|Win32
		{84EDA1FA-05E1-47A3-AFE2-69EA475902B3}.Release|x86.Build.0 = Release|Win32
		{DE57EFC0-56FD-42D5-AA35-6CBEF03198C7}.Debug|x64.ActiveCfg = Debug|x64
		{DE57EFC0-56FD-42D5-AA35-6CBEF03198C7}.Debug|x64.Build.0 = Debug|x64
		{DE57EFC0-56FD-42D5-AA35-6CBEF03198C7}.Debug|x86.ActiveCfg = Debug|Win32
		{DE57EFC0-56FD-42D5-AA35-6CBEF03198C7}.Debug|x86.Build.0 = Debug|Win32
		{DE57EFC0-56FD-42D5-AA35-6CBEF03198C7}.Release|x64.ActiveCfg = Release|x64
		{DE57EFC0-56FD-42D5-AA35-6CBEF03198C7}.Release|x64.Build.0 = Release|x64
		{DE57EFC0-56FD-42D5-AA35-6CBEF03198C7}.Release|x86.ActiveCfg = Release|Win32
		{DE57EFC0-56FD-42D5-AA35-6CBEF03198C7}.Release|x86.Build.0 = Release|Win32
		{FF7A8A55-ED18-45CC-9980-EB91CE603382}.Debug|x64.ActiveCfg = Debug|x64
		{FF7A8A55-ED18-45CC-9980-EB91CE603382}.Debug|x64.Build.0 = Debug|x64
		{FF7A8A55-ED18-45CC-9980-EB91CE603382}.Debug|x86.ActiveCfg = Debug|Win32
		{FF7A8A55-ED18-45CC-9980-EB91CE603382}.Debug|x86.Build.0 = Debug|Win32
		{FF7A8A55-ED18-45CC-9980-EB91CE603382}.Release|x64.ActiveCfg = Release|x64
		{FF7A8A55-ED18-45CC-9980-EB91CE603382}.Release|x64.Build.0 = Release|x64
		{FF7A8A55-ED18-45CC-9980-EB91CE603382}.Release|x86.ActiveCfg = Release|Win32
		{FF7A8A55-ED18-45CC-9980-EB91CE603382}.Release|x86.Build.0 = Release|Win32
		{F54A08D5-DE14-4C03-8C4D-3AA80E181B17}.Debug|x64.ActiveCfg = Debug|x64
		{F54A08D5-DE14-4C03-8C4D-3AA80E181B17}.Debug|x64.Build.0 = Debug|x64
		{F54A08D5-DE14-4C03-8C4D-3AA80E181B17}.Debug|x86.ActiveCfg = Debug|Win32
		{F54A08D5-DE14-4C03-8C4D-3AA80E181B17}.Debug|x86.Build.0 = Debug|Win32
		{F54A08D5-DE14-4C03-8C4D-3AA80E181B17}.Release|x64.ActiveCfg = Release|x64
		{F54A08D5-DE14-4C03-8C4D-3AA80E181B17}.Release|x64.Build.0 = Release|x64
		{F54A08D5-DE14-4C03-8C4D-3AA80E181B17}.Release|x86.ActiveCfg = Release|Win32
		{F54A08D5-DE14-4C03-8C4D-3AA80E181B17}.Release|x86.Build.0 = Release|Win32
		{14DD01BE-857C-4B70-8145-35F79ED84B33}.Debug|x64.ActiveCfg = Debug|x64
		{14DD01BE-857C-4B70-8145-35F79ED84B33}.Debug|x64.Build.0 = Debug|x64
		{14DD01BE-857C-4B70-8145-35F79ED84B33}.Debug|x86.ActiveCfg = Debug|Win32
		{14DD01BE-857C-4B70-8145-35F79ED84B33}.Debug|x86.Build.0 = Debug|Win32
		{14DD01BE-857C-4B70-8145-35F79ED84B33}.Release|x64.ActiveCfg = Release|x64
		{14DD01BE-857C-4B70-8145-35F79ED84B33}.Release|x64.Build.0 = Release|x64
		{14DD01BE-857C-4B70-8145-35F79ED84B33}.Release|x86.ActiveCfg = Release|Win32
		{14DD01BE-857C-4B70-8145-35F79ED84B33}.Release|x86.Build.0 = Release|Win32
		{4D21D573-23A3-4085-AB4E-E103F050872A}.Debug|x64.ActiveCfg = Debug|x64
		{4D21D573-23A3-4085-AB4E-E103F050872A}.Debug|x64.Build.0 = Debug|x64
		{4D21D573-23A3-4085-AB4E-E103F050872A}.Debug|x86.ActiveCfg = Debug|Win32
		{4D21D573-23A3-4085-AB4E-E103F050872A}.Debug|x86.Build.0 = Debug|Win32
		{4D21D573-23A3-4085-AB4E-E103F050872A}.Release|x64.ActiveCfg = Release|x64
		{4D21D573-23A3-4085-AB4E-E103F050872A}.Release|x64.Build.0 = Release|x64
		{4D21D573-23A3-4085-AB4E-E103F050872A}.Release|x86.ActiveCfg = Release|Win32
		{4D21D573-23A3-4085-AB4E-E103F050872A}.Release|x86.Build.0 = Release|Win32
		{7D425027-ABCE-4DAF-97BB-ECAD3542D602}.Debug|x64.ActiveCfg = Debug|x64
		{7D425027-ABCE-4DAF-97BB-ECAD3542D602}.Debug|x64.Build.0 = Debug|x64
		{7D425027-ABCE-4DAF-97BB-ECAD3542D602}.Debug|x86.ActiveCfg = Debug|Win32
		{7D425027-ABCE-4DAF-97BB-ECAD3542D602}.Debug|x86.Build.0 = Debug|Win32
		{7D425027-ABCE-4DAF-97BB-ECAD3542D602}.Release|x64.ActiveCfg = Release|x64
		{7D425027-ABCE-4DAF-97BB-ECAD3542D602}.Release|x64.Build.0 = Release|x64
		{7D425027-ABCE-4DAF-97BB-ECAD3542D602}.Release|x86.ActiveCfg = Release|Win32
		{7D425027-ABCE-4DAF-97BB-ECAD3542D602}.Release|x86.Build.0 = Release|Win32
		{B75C2725-FED9-4050-A6F2-A1993A56EF4E}.Debug|x64.ActiveCfg = Debug|x64
		{B75C2725-FED9-4050-A6F2-A1993A56EF4E}.Debug|x64.Build.0 = Debug|x64
		{B75C2725-FED9-4050-A6F2-A1993A56EF4E}.Debug|x86.ActiveCfg = Debug|Win32
		{B75C2725-FED9-4050-A6F2-A1993A56EF4E}.Debug|x86.Build.0 = Debug|Win32
		{B75C2725-FED9-4050-A6F2-A1993A56EF4E}.Release|x64.ActiveCfg = Release|x64
		{B75C2725-FED9-4050-A6F2-A1993A56EF4E}.Release|x64.Build.0 = Release|x64
		{B75C2725-FED9-4050-A6F2-A1993A56EF4E}.Release|x86.ActiveCfg = Release|Win32
		{B75C2725-FED9-4050-A6F2-A1993A56EF4E}.Release|x86.Build.0 = Release|Win32
		{5E07480A-F07C-4E18-BF67-AC3F7F36F116}.Debug|x64.ActiveCfg = Debug|x64
		{5E07480A-F07C-4E18-BF67-AC3F7F36F116}.Debug|x64.Build.0 = Debug|x64
		{5E07480A-F07C-4E18-BF67-AC3F7F36F116}.Debug|x86.ActiveCfg = Debug|Win32
		{5E07480A-F07C-4E18-BF67-AC3F7F36F116}.Debug|x86.Build.0 = Debug|Win32
		{5E07480A-F07C-4E18-BF67-AC3F7F36F116}.Release|x64.ActiveCfg = Release|x64
		{5E07480A-F07C-4E18-BF67-AC3F7F36F116}.Release|x64.Build.0 = Release|x64
		{5E07480A-F07C-4E18-BF67-AC3F7F36F116}.Release|x86.ActiveCfg = Release|Win32
		{5E07480A-F07C-4E18-BF67-AC3F7F36F116}.Release|x86.Build.0 = Release|Win32
		{FA874622-5BE5-4A4F-B4E9-1C564C643956}.Debug|x64.ActiveCfg = Debug|x64
		{FA874622-5BE5-4A4F-B4E9-1C564C643956}.Debug|x64.Build.0 = Debug|x64
		{FA874622-5BE5-4A4F-B4E9-1C564C643956}.Debug|x86.ActiveCfg = Debug|Win32
		{FA874622-5BE5-4A4F-B4E9-1C564C643956}.Debug|x86.Build.0 = Debug|Win32
		{FA874622-5BE5-4A4F-B4E9-1C564C643956}.Release|x64.ActiveCfg = Release|x64
		{FA874622-5BE5-4A4F-B4E9-1C564C643956}.Release|x64.Build.0 = Release|x64
		{FA874622-5BE5-4A4F-B4E9-1C564C643956}.Release|x86.ActiveCfg = Release|Win32
		{FA874622-5BE5-4A4F-B4E9-1C564C643956}.Release|x86.Build.0 = Release|Win32
		{346740DF-B9D4-4524-8B64-B73443C9147B}.Debug|x64.ActiveCfg = Debug|x64
		{346740DF-B9D4-4524-8B64-B73443C9147B}.Debug|x64.Build.0 = Debug|x64
		{346740DF-B9D4-4524-8B64-B73443C9147B}.Debug|x86.ActiveCfg = Debug|Win32
		{346740DF-B9D4-4524-8B64-B73443C9147B}.Debug|x86.Build.0 = Debug|Win32
		{346740DF-B9D4-4524-8B64-B73443C9147B}.Release|x64.ActiveCfg = Release|x64
		{346740DF-B9D4-4524-8B64-B73443C9147B}.Release|x64.Build.0 = Release|x64
		{346740DF-B9D4-4524-8B64-B73443C9147B}.Release|x86.ActiveCfg = Release|Win32
		{346740DF-B9D4-4524-8B64-B73443C9147B}.Release|x86.Build.0 = Release|Win32
		{5AF58FDF-234C-4A0A-B678-16525FE705FC}.Debug|x64.ActiveCfg = Debug|x64
		{5AF58FDF-234C-4A0A-B678-16525FE705FC}.Debug|x64.Build.0 = Debug|x64
		{5AF58FDF-234C-4A0A-B678-16525FE705FC}.Debug|x86.ActiveCfg = Debug|Win32
		{5AF58FDF-234C-4A0A-B678-16525FE705FC}.Debug|x86.Build.0 = Debug|Win32
		{5AF58FDF-234C-4A0A-B678-16525FE705FC}.Release|x64.ActiveCfg = Release|x64
		{5AF58FDF-234C-4A0A-B678-16525FE705FC}.Release|x64.Build.0 = Release|x64
		{5AF58FDF-234C-4A0A-B678-16525FE705FC}.Release|x86.ActiveCfg = Release|Win32
		{5AF58FDF-234C-4A0A-B678-16525FE705FC}.Release|x86.Build.0 = Release|Win32
		{F3E79508-5207-489E-8FEB-231C070BE70B}.Debug|x64.ActiveCfg = Debug|x64
		{F3E79508-5207-489E-8FEB-231C070BE70B}.Debug|x64.Build.0 = Debug|x64
		{F3E79508-5207-489E-8FEB-231C070BE70B}.Debug|x86.ActiveCfg = Debug|Win32
		{F3E79508-5207-489E-8FEB-231C070BE70B}.Debug|x86.Build.0 = Debug|Win32
		{F3E79508-5207-489E-8FEB-231C070BE70B}.Release|x64.ActiveCfg = Release|x64
		{F3E79508-5207-489E-8FEB-231C070BE70B}.Release|x64.Build.0 = Release|x64
		{F3E79508-5207-489E-8FEB-231C070BE70B}.Release|x86.ActiveCfg = Release|Win32
		{F3E79508-5207-489E-8FEB-231C070BE70B}.Release|x86.Build.0 = Release|Win32
		{B75928B7-FC04-4FD4-98C0-5EB720833F69}.Debug|x64.ActiveCfg = Debug|x64
		{B75928B7-FC04-4FD4-98C0-5EB720833F69}.Debug|x64.Build.0 = Debug|x64
		{B75928B7-FC04-4FD4-98C0-5EB720833F69}.Debug|x86.ActiveCfg = Debug|Win32
		{B75928B7-FC04-4FD4-98C0-5EB720833F69}.Debug|x86.Build.0 = Debug|Win32
		{B75928B7-FC04-4FD4-98C0-5EB720833F69}.Release|x64.ActiveCfg = Release|x64
		{B75928B7-FC04-4FD4-98C0-5EB720833F69}.Release|x64.Build.0 = Release|x64
		{B75928B7-FC04-4FD4-98C0-5EB720833F69}.Release|x86.ActiveCfg = Release|Win32
		{B75928B7-FC04-4FD4-98C0-5EB720833F69}.Release|x86.Build.0 = Release|Win32
		{6085AB71-796C-42D0-93E4-A2F323025E99}.Debug|x64.ActiveCfg = Debug|x64
		{6085AB71-796C-42D0-93E4-A2F323025E99}.Debug|x64.Build.0 = Debug|x64
		{6085AB71-796C-42D0-93E4-A2F323025E99}.Debug|x86.ActiveCfg = Debug|Win32
		{6085AB71-796C-42D0-93E4-A2F323025E99}.Debug|x86.Build.0 = Debug|Win32
		{6085AB71-796C-42D0-93E4-A2F323025E99}.Release|x64.ActiveCfg = Release|x64
		{6085AB71-796C-42D0-93E4-A2F323025E99}.Release|x64.Build.0 = Release|x64
		{6085AB71-796C-42D0-93E4-A2F323025E99}.Release|x86.ActiveCfg = Release|Win32
		{6085AB71-796C-42D0-93E4-A2F323025E99}.Release|x86.Build.0 = Release|Win32
		{506959BD-DBF9-4877-A77B-4F6CFBA8456C}.Debug|x64.ActiveCfg = Debug|x64
		{506959BD-DBF9-4877-A77B-4F6CFBA8456C}.Debug|x64.Build.0 = Debug|x64
		{506959BD-DBF9-4877-A77B-4F6CFBA8456C}.Debug|x86.ActiveCfg = Debug|Win32
		{506959BD-DBF9-4877-A77B-4F6CFBA8456C}.Debug|x86.Build.0 = Debug|Win32
		{506959BD-DBF9-4877-A77B-4F6CFBA8456C}.Release|x64.ActiveCfg = Release|x64
		{506959BD-DBF9-4877-A77B-4F6CFBA8456C}.Release|x64.Build.0 = Release|x64
		{506959BD-DBF9-4877-A77B-4F6CFBA8456C}.Release|x86.ActiveCfg = Release|Win32
		{506959BD-DBF9-4877-A77B-4F6CFBA8456C}.Release|x86.Build.0 = Release|Win32
		{9D69FC82-87FF-48D0-B580-7E250EA0269F}.Debug|x64.ActiveCfg = Debug|x64
		{9D69FC82-87FF-48D0-B580-7E250EA0269F}.Debug|x64.Build.0 = Debug|x64
		{9D69FC82-87FF-48D0-B580-7E250EA0269F}.Debug|x86.ActiveCfg = Debug|Win32
		{9D69FC82-87FF-48D0-B580-7E250EA0269F}.Debug|x86.Build.0 = Debug|Win32
		{9D69FC82-87FF-48D0-B580-7E250EA0269F}.Release|x64.ActiveCfg = Release|x64
		{9D69FC82-87FF-48D0-B580-7E250EA0269F}.Release|x64.Build.0 = Release|x64
		{9D69FC82-87FF-48D0-B580-7E250EA0269F}.Release|x86.ActiveCfg = Release|Win32
		{9D69FC82-87FF-48D0-B580-7E250EA0269F}.Release|x86.Build.0 = Release|Win32
		{27A99235-06BD-4878-8522-D5FAD7B7ACD6}.Debug|x64.ActiveCfg = Debug|x64
		{27A99235-06BD-4878-8522-D5FAD7B7ACD6}.Debug|x64.Build.0 = Debug|x64
		{27A99235-06BD-4878-8522-D5FAD7B7ACD6}.Debug|x86.ActiveCfg = Debug|Win32
		{27A99235-06BD-4878-8522-D5FAD7B7ACD6}.Debug|x86.Build.0 = Debug|Win32
		{27A99235-06BD-4878-8522-D5FAD7B7ACD6}.Release|x64.ActiveCfg = Release|x64
		{27A99235-06BD-4878-8522-D5FAD7B7ACD6}.Release|x64.Build.0 = Release|x64
		{27A99235-06BD-4878-8522-D5FAD7B7ACD6}.Release|x86.ActiveCfg = Release|Win32
		{27A99235-06BD-4878-8522-D5FAD7B7ACD6}.Release|x86.Build.0 = Release|Win32
		{49E8C828-7CF1-43D3-A921-58CDD2908C66}.Debug|x64.ActiveCfg = Debug|x64
		{49E8C828-7CF1-43D3-A921-58CDD2908C66}.Debug|x64.Build.0 = Debug|x64
		{49E8C828-7CF1-43D3-A921-58CDD2908C66}.Debug|x86.ActiveCfg = Debug|Win32
		{49E8C828-7CF1-43D3-A921-58CDD2908C66}.Debug|x86.Build.0 = Debug|Win32
		{49E8C828-7CF1-43D3-A921-58CDD2908C66}.Release|x64.ActiveCfg = Release|x64
		{49E8C828-7CF1-43D3-A921-58CDD2908C66}.Release|x64.Build.0 = Release|x64
		{49E8C828-7CF1-43D3-A921-58CDD2908C66}.Release|x86.ActiveCfg = Release|Win32
		{49E8C828-7CF1-43D3-A921-58CDD2908C66}.Release|x86.Build.0 = Release|Win32
		{CE69C0CB-EFE8-4EDB-83BA-FAE8B8661F18}.Debug|x64.ActiveCfg = Debug|x64
		{CE69C0CB-EFE8-4EDB-83BA-FAE8B8661F18}.Debug|x64.Build.0 = Debug|x64
		{CE69C0CB-EFE8-4EDB-83BA-FAE8B8661F18}.Debug|x86.ActiveCfg = Debug|Win32
		{CE69C0CB-EFE8-4EDB-83BA-FAE8B8661F18}.Debug|x86.Build.0 = Debug|Win32
		{CE69C0CB-EFE8-4EDB-83BA-FAE8B8661F18}.Release|x64.ActiveCfg = Release|x64
		{CE69C0CB-EFE8-4EDB-83BA-FAE8B8661F18}.Release|x64.Build.0 = Release|x64
		{CE69C0CB-EFE8-4EDB-83BA-FAE8B8661F18}.Release|x86.ActiveCfg = Release|Win32
		{CE69C0CB-EFE8-4EDB-83BA-FAE8B8661F18}.Release|x86.Build.0 = Release|Win32
		{CA883ED3-0A04-42E0-99AF-2FE57B537D92}.Debug|x64.ActiveCfg = Debug|x64
		{CA883ED3-0A04-42E0-99AF-2FE57B537D92}.Debug|x64.Build.0 = Debug|x64
		{CA883ED3-0A04-42E0-99AF-2FE57B537D92}.Debug|x86.ActiveCfg = Debug|Win32
		{CA883ED3-0A04-42E0-99AF-2FE57B537D92}.Debug|x86.Build.0 = Debug|Win32
		{CA883ED3-0A04-42E0-99AF-2FE57B537D92}.Release|x64.ActiveCfg = Release|x64
		{CA883ED3-0A04-42E0-99AF-2FE57B537D92}.Release|x64.Build.0 = Release|x64
		{CA883ED3-0A04-42E0-99AF-2FE57B537D92}.Release|x86.ActiveCfg = Release|Win32
		{CA883ED3-0A04-42E0-99AF-2FE57B537D92}.Release|x86.Build.0 = Release|Win32
		{576F94B8-629C-4C0F-A1A2-D7A6E82547A8}.Debug|x64.ActiveCfg = Debug|x64
		{576F94B8-629C-4C0F-A1A2-D7A6E82547A8}.Debug|x64.Build.0 = Debug|x64
		{576F94B8-629C-4C0F-A1A2-D7A6E82547A8}.Debug|x86.ActiveCfg = Debug|Win32
		{576F94B8-629C-4C0F-A1A2-D7A6E82547A8}.Debug|x86.Build.0 = Debug|Win32
		{576F94B8-629C-4C0F-A1A2-D7A6E82547A8}.Release|x64.ActiveCfg = Release|x64
		{576F94B8-629C-4C0F-A1A2-D7A6E82547A8}.Release|x64.Build.0 = Release|x64
		{576F94B8-629C-4C0F-A1A2-D7A6E82547A8}.Release|x86.ActiveCfg = Release|Win32
		{576F94B8-629C-4C0F-A1A2-D7A6E82547A8}.Release|x86.Build.0 = Release|Win32
		{90884827-228F-4F0D-A6F8-D50A19986045}.Debug|x64.ActiveCfg = Debug|x64
		{90884827-228F-4F0D-A6F8-D50A19986045}.Debug|x64.Build.0 = Debug|x64
		{90884827-228F-4F0D-A6F8-D50A19986045}.Debug|x86.ActiveCfg = Debug|Win32
		{90884827-228F-4F0D-A6F8-D50A19986045}.Debug|x86.Build.0 = Debug|Win32
		{90884827-228F-4F0D-A6F8-D50A19986045}.Release|x64.ActiveCfg = Release|x64
		{90884827-228F-4F0D-A6F8-D50A19986045}.Release|x64.Build.0 = Release|x64
		{90884827-228F-4F0D-A6F8-D50A19986045}.Release|x86.ActiveCfg = Release|Win32
		{90884827-228F-4F0D-A6F8-D50A19986045}.Release|x86.Build.0 = Release|Win32
		{D8A68AA8-1CE4-43D0-8193-AC7ECD951A33}.Debug|x64.ActiveCfg = Debug|x64
		{D8A68AA8-1CE4-43D0-8193-AC7ECD951A33}.Debug|x64.Build.0 = Debug|x64
		{D8A68AA8-1CE4-43D0-8193-AC7ECD951A33}.Debug|x86.ActiveCfg = Debug|Win32
		{D8A68AA8-1CE4-43D0-8193-AC7ECD951A33}.Debug|x86.Build.0 = Debug|Win32
		{D8A68AA8-1CE4-43D0-8193-AC7ECD951A33}.Release|x64.ActiveCfg = Release|x64
		{D8A68AA8-1CE4-43D0-8193-AC7ECD951A33}.Release|x64.Build.0 = Release|x64
		{D8A68AA8-1CE4-43D0-8193-AC7ECD951A33}.Release|x86.ActiveCfg = Release|Win32
		{D8A68AA8-1CE4-43D0-8193-AC7ECD951A33}.Release|x86.Build.0 = Release|Win32
		{FCC44558-3E14-4B9C-B73B-A6F651CA62D3}.Debug|x64.ActiveCfg = Debug|x64
		{FCC44558-3E14-4B9C-B73B-A6F651CA62D3}.Debug|x64.Build.0 = Debug|x64
		{FCC44558-3E14-4B9C-B73B-A6F651CA62D3}.Debug|x86.ActiveCfg = Debug|Win32
		{FCC44558-3E14-4B9C-B73B-A6F651CA62D3}.Debug|x86.Build.0 = Debug|Win32
		{FCC44558-3E14-4B9C-B73B-A6F651CA62D3}.Release|x64.ActiveCfg = Release|x64
		{FCC44558-3E14-4B9C-B73B-A6F651CA62D3}.Release|x64.Build.0 = Release|x64
		{FCC44558-3E14-4B9C-B73B-A6F651CA62D3}.Release|x86.ActiveCfg = Release|Win32
		{FCC44558-3E14-4B9C-B73B-A6F651CA62D3}.Release|x86.Build.0 = Release|Win32
		{257329DB-0D68-4376-A8A5-BE7616B8B911}.Debug|x64.ActiveCfg = Debug|x64
		{257329DB-0D68-4376-A8A5-BE7616B8B911}.Debug|x64.Build.0 = Debug|x64
		{257329DB-0D68-4376-A8A5-BE7616B8B911}.Debug|x86.ActiveCfg = Debug|Win32
		{257329DB-0D68-4376-A8A5-BE7616B8B911}.Debug|x86.Build.0 = Debug|Win32
		{257329DB-0D68-4376-A8A5-BE7616B8B911}.Release|x64.ActiveCfg = Release|x64
		{257329DB-0D68-4376-A8A5-BE7616B8B911}.Release|x64.Build.0 = Release|x64
		{257329DB-0D68-4376-A8A5-BE7616B8B911}.Release|x86.ActiveCfg = Release|Win32
		{257329DB-0D68-4376-A8A5-BE7616B8B911}.Release|x86.Build.0 = Release|Win32
		{B221D99B-0B7F-4E5E-AA44-C090CE1BD5E4}.Debug|x64.ActiveCfg = Debug|x64
		{B221D99B-0B7F-4E5E-AA44-C090CE1BD5E4}.Debug|x64.Build.0 = Debug|x64
		{B221D99B-0B7F-4E5E-AA44-C090CE1BD5E4}.Debug|x86.ActiveCfg = Debug|Win32
		{B221D99B-0B7F-4E5E-AA44-C090CE1BD5E4}.Debug|x86.Build.0 = Debug|Win32
		{B221D99B-0B7F-4E5E-AA44-C090CE1BD5E4}.Release|x64.ActiveCfg = Release|x64
		{B221D99B-0B7F-4E5E-AA44-C090CE1BD5E4}.Release|x64.Build.0 = Release|x64
		{B221D99B-0B7F-4E5E-AA44-C090CE1BD5E4}.Release|x86.ActiveCfg = Release|Win32
		{B221D99B-0B7F-4E5E-AA44-C090CE1BD5E4}.Release|x86.Build.0 = Release|Win32
		{211C07EC-C5A5-4030-9970-C5BF76E17530}.Debug|x64.ActiveCfg = Debug|x64
		{211C07EC-C5A5-4030-9970-C5BF76E17530}.Debug|x64.Build.0 = Debug|x64
		{211C07EC-C5A5-4030-9970-C5BF76E17530}.Debug|x86.ActiveCfg = Debug|Win32
		{211C07EC-C5A5-4030-9970-C5BF76E17530}.Debug|x86.Build.0 = Debug|Win32
		{211C07EC-C5A5-4030-9970-C5BF76E17530}.Release|x64.ActiveCfg = Release|x64
		{211C07EC-C5A5-4030-9970-C5BF76E17530}.Release|x64.Build.0 = Release|x64
		{211C07EC-C5A5-4030-9970-C5BF76E17530}.Release|x86.ActiveCfg = Release|Win32
		{211C07EC-C5A5-4030-9970-C5BF76E17530}.Release|x86.Build.0 = Release|Win32
		{D11C4C5F-A6E3-4941-A6E0-93A7E9C6B951}.Debug|x64.ActiveCfg = Debug|x64
		{D11C4C5F-A6E3-4941-A6E0-93A7E9C6B951}.Debug|x64.Build.0 = Debug|x64
		{D11C4C5F-A6E3-4941-A6E0-93A7E9C6B951}.Debug|x86.ActiveCfg = Debug|Win32
		{D11C4C5F-A6E3-4941-A6E0-93A7E9C6B951}.Debug|x86.Build.0 = Debug|Win32
		{D11C4C5F-A6E3-4941-A6E0-93A7E9C6B951}.Release|x64.ActiveCfg = Release|x64
		{D11C4C5F-A6E3-4941-A6E0-93A7E9C6B951}.Release|x64.Build.0 = Release|x64
		{D11C4C5F-A6E3-4941-A6E0-93A7E9C6B951}.Release|x86.ActiveCfg = Release|Win32
		{D11C4C5F-A6E3-4941-A6E0-93A7E9C6B951}.Release|x86.Build.0 = Release|Win32
		{77ABD2B1-339C-4ACC-84BF-0E91D3C7C8B7}.Debug|x64.ActiveCfg = Debug|x64
		{77ABD2B1-339C-4ACC-84BF-0E91D3C7C8B7}.Debug|x64.Build.0 = Debug|x64
		{77ABD2B1-339C-4ACC-84BF-0E91D3C7C8B7}.Debug|x86.ActiveCfg = Debug|Win32
		{77ABD2B1-339C-4ACC-84BF-0E91D3C7C8B7}.Debug|x86.Build.0 = Debug|Win32
		{77ABD2B1-339C-4ACC-84BF-0E91D3C7C8B7}.Release|x64.ActiveCfg = Release|x64
		{77ABD2B1-339C-4ACC-84BF-0E91D3C7C8B7}.Release|x64.Build.0 = Release|x64
		{77ABD2B1-339C-4ACC-84BF-0E91D3C7C8B7}.Release|x86.ActiveCfg = Release|Win32
		{77ABD2B1-339C-4ACC-84BF-0E91D3C7C8B7}.Release|x86.Build.0 = Release|Win32
		{7A88476A-E6DB-4B6C-86A3-B70712D5CB71}.Debug|x64.ActiveCfg = Debug|x64
		{7A88476A-E6DB-4B6C-86A3-B70712D5CB71}.Debug|x64.Build.0 = Debug|x64
		{7A88476A-E6DB-4B6C-86A3-B70712D5CB71}.Debug|x86.ActiveCfg = Debug|Win32
		{7A88476A-E6DB-4B6C-86A3-B70712D5CB71}.Debug|x86.Build.0 = Debug|Win32
		{7A88476A-E6DB-4B6C-86A3-B70712D5CB71}.Release|x64.ActiveCfg = Release|x64
		{7A88476A-E6DB-4B6C-86A3-B70712D5CB71}.Release|x64.Build.0 = Release|x64
		{7A88476A-E6DB-4B6C-86A3-B70712D5CB71}.Release|x86.ActiveCfg = Release|Win32
		{7A88476A-E6DB-4B6C-86A3-B70712D5CB71}.Release|x86.Build.0 = Release|Win32
		{F5C56CC7-28AA-4E01-A239-B80CFCEC5EAA}.Debug|x64.ActiveCfg = Debug|x64
		{F5C56CC7-28AA-4E01-A239-B80CFCEC5EAA}.Debug|x64.Build.0 = Debug|x64
		{F5C56CC7-28AA-4E01-A239-B80CFCEC5EAA}.Debug|x86.ActiveCfg = Debug|Win32
		{F5C56CC7-28AA-4E01-A239-B80CFCEC5EAA}.Debug|x86.Build.0 = Debug|Win32
		{F5C56CC7-28AA-4E01-A239-B80CFCEC5EAA}.Release|x64.ActiveCfg = Release|x64
		{F5C56CC7-28AA-4E01-A239-B80CFCEC5EAA}.Release|x64.Build.0 = Release|x64
		{F5C56CC7-28AA-4E01-A239-B80CFCEC5EAA}.Release|x86.ActiveCfg = Release|Win32
		{F5C56CC7-28AA-4E01-A239-B80CFCEC5EAA}.Release|x86.Build.0 = Release|Win32
		{3163BCF0-DB36-4AEE-A890-C91FECBAD9D3}.Debug|x64.ActiveCfg = Debug|x64
		{3163BCF0-DB36-4AEE-A890-C91FECBAD9D3}.Debug|x64.Build.0 = Debug|x64
		{3163BCF0-DB36-4AEE-A890-C91FECBAD9D3}.Debug|x86.ActiveCfg = Debug|Win32
		{3163BCF0-DB36-4AEE-A890-C91FECBAD9D3}.Debug|x86.Build.0 = Debug|Win32
		{3163BCF0-DB36-4AEE-A890-C91FECBAD9D3}.Release|x64.ActiveCfg = Release|x64
		{3163BCF0-DB36-4AEE-A890-C91FECBAD9D3}.Release|x64.Build.0 = Release|x64
		{3163BCF0-DB36-4AEE-A890-C91FECBAD9D3}.Release|x86.ActiveCfg = Release|Win32
		{3163BCF0-DB36-4AEE-A890-C91FECBAD9D3}.Release|x86.Build.0 = Release|Win32
		{2D61738A-CC92-45E2-B88F-DF6B0A5878B6}.Debug|x64.ActiveCfg = Debug|x64
		{2D61738A-CC92-45E2-B88F-DF6B0A5878B6}.Debug|x64.Build.0 = Debug|x64
		{2D61738A-CC92-45E2-B88F-DF6B0A5878B6}.Debug|x86.ActiveCfg = Debug|Win32
		{2D61738A-CC92-45E2-B88F-DF6B0A5878B6}.Debug|x86.Build.0 = Debug|Win32
		{2D61738A-CC92-45E2-B88F-DF6B0A5878B6}.Release|x64.ActiveCfg = Release|x64
		{2D61738A-CC92-45E2-B88F-DF6B0A5878B6}.Release|x64.Build.0 = Release|x64
		{2D61738A-CC92-45E2-B88F-DF6B0A5878B6}.Release|x86.ActiveCfg = Release|Win32
		{2D61738A-CC92-45E2-B88F-DF6B0A5878B6}.Release|x86.Build.0 = Release|Win32
		{72D91C48-1B68-496A-9531-323B25A2C6D6}.Debug|x64.ActiveCfg = Debug|x64
		{72D91C48-1B68-496A-9531-323B25A2C6D6}.Debug|x64.Build.0 = Debug|x64
		{72D91C48-1B68-496A-9531-323B25A2C6D6}.Debug|x86.ActiveCfg = Debug|Win32
		{72D91C48-1B68-496A-9531-323B25A2C6D6}.Debug|x86.Build.0 = Debug|Win32
		{72D91C48-1B68-496A-9531-323B25A2C6D6}.Release|x64.ActiveCfg = Release|x64
		{72D91C48-1B68-496A-9531-323B25A2C6D6}.Release|x64.Build.0 = Release|x64
		{72D91C48-1B68-496A-9531-323B25A2C6D6}.Release|x86.ActiveCfg = Release|Win32
		{72D91C48-1B68-496A-9531-323B25A2C6D6}.Release|x86.Build.0 = Release|Win32
		{D583EC47-04F6-466A-A2EF-3AC0D18CBA1C}.Debug|x64.ActiveCfg = Debug|x64
		{D583EC47-04F6-466A-A2EF-3AC0D18CBA1C}.Debug|x64.Build.0 = Debug|x64
		{D583EC47-04F6-466A-A2EF-3AC0D18CBA1C}.Debug|x86.ActiveCfg = Debug|Win32
		{D583EC47-04F6-466A-A2EF-3AC0D18CBA1C}.Debug|x86.Build.0 = Debug|Win32
		{D583EC47-04F6-466A-A2EF-3AC0D18CBA1C}.Release|x64.ActiveCfg = Release|x64
		{D583EC47-04F6-466A-A2EF-3AC0D18CBA1C}.Release|x64.Build.0 = Release|x64
		{D583EC47-04F6-466A-A2EF-3AC0D18CBA1C}.Release|x86.ActiveCfg = Release|Win32
		{D583EC47-04F6-466A-A2EF-3AC0D18CBA1C}.Release|x86.Build.0 = Release|Win32
		{9D4886A8-1C61-4DED-ABCB-630D6F494034}.Debug|x64.ActiveCfg = Debug|x64
		{9D4886A8-1C61-4DED-ABCB-630D6F494034}.Debug|x64.Build.0 = Debug|x64
		{9D4886A8-1C61-4DED-ABCB-630D6F494034}.Debug|x86.ActiveCfg = Debug|Win32
		{9D4886A8-1C61-4DED-ABCB-630D6F494034}.Debug|x86.Build.0 = Debug|Win32
		{9D4886A8-1C61-4DED-ABCB-630D6F494034}.Release|x64.ActiveCfg = Release|x64
		{9D4886A8-1C61-4DED-ABCB-630D6F494034}.Release|x64.Build.0 = Release|x64
		{9D4886A8-1C61-4DED-ABCB-630D6F494034}.Release|x86.ActiveCfg = Release|Win32
		{9D4886A8-1C61-4DED-ABCB-630D6F494034}.Release|x86.Build.0 = Release|Win32
		{CF947E62-1D8B-40B3-B9DB-DE521098B806}.Debug|x64.ActiveCfg = Debug|x64
		{CF947E62-1D8B-40B3-B9DB-DE521098B806}.Debug|x64.Build.0 = Debug|x64
		{CF947E62-1D8B-40B3-B9DB-DE521098B806}.Debug|x86.ActiveCfg = Debug|Win32
		{CF947E62-1D8B-40B3-B9DB-DE521098B806}.Debug|x86.Build.0 = Debug|Win32
		{CF947E62-1D8B-40B3-B9DB-DE521098B806}.Release|x64.ActiveCfg = Release|x64
		{CF947E62-1D8B-40B3-B9DB-DE521098B806}.Release|x64.Build.0 = Release|x64
		{CF947E62-1D8B-40B3-B9DB-DE521098B806}.Release|x86.ActiveCfg = Release|Win32
		{CF947E62-1D8B-40B3-B9DB-DE521098B806}.Release|x86.Build.0 = Release|Win32
		{9A80D3CE-F3DD-4F08-BD44-AB2002CA6E30}.Debug|x64.ActiveCfg = Debug|x64
		{9A80D3CE-F3DD-4F08-BD44-AB2002CA6E30}.Debug|x64.Build.0 = Debug|x64
		{9A80D3CE-F3DD-4F08-BD44-AB2002CA6E30}.Debug|x86.ActiveCfg = Debug|Win32
		{9A80D3CE-F3DD-4F08-BD44-AB2002CA6E30}.Debug|x86.Build.0 = Debug|Win32
		{9A80D3CE-F3DD-4F08-BD44-AB2002CA6E30}.Release|x64.ActiveCfg = Release|x64
		{9A80D3CE-F3DD-4F08-BD44-AB2002CA6E30}.Release|x64.Build.0 = Release|x64
		{9A80D3CE-F3DD-4F08-BD44-AB2002CA6E30}.Release|x86.ActiveCfg = Release|Win32
		{9A80D3CE-F3DD-4F08-BD44-AB2002CA6E30}.Release|x86.Build.0 = Release|Win32
		{A8CAC153-1616-4DEA-A970-E29D20F885F9}.Debug|x64.ActiveCfg = Debug|x64
		{A8CAC153-1616-4DEA-A970-E29D20F885F9}.Debug|x64.Build.0 = Debug|x64
		{A8CAC153-1616-4DEA-A970-E29D20F885F9}.Debug|x86.ActiveCfg = Debug|Win32
		{A8CAC153-1616-4DEA-A970-E29D20F885F9}.Debug|x86.Build.0 = Debug|Win32
		{A8CAC153-1616-4DEA-A970-E29D20F885F9}.Release|x64.ActiveCfg = Release|x64
		{A8CAC153-1616-4DEA-A970-E29D20F885F9}.Release|x64.Build.0 = Release|x64
		{A8CAC153-1616-4DEA-A970-E29D20F885F9}.Release|x86.ActiveCfg = Release|Win32
		{A8CAC153-1616-4DEA-A970-E29D20F885F9}.Release|x86.Build.0 = Release|Win32
	EndGlobalSection
	GlobalSection(SolutionProperties) = preSolution
		HideSolutionNode = FALSE
	EndGlobalSection
	GlobalSection(ExtensibilityGlobals) = postSolution
		SolutionGuid = {4E5AEFC4-4D73-4E98-B4EB-494EF1D4E68A}
	EndGlobalSection
EndGlobal
